
Microsoft Visual Studio Solution File, Format Version 12.00
# Visual Studio Version 16
VisualStudioVersion = 16.0.33423.256
MinimumVisualStudioVersion = 10.0.40219.1
Project("{FAE04EC0-301F-11D3-BF4B-00C04F79EFBC}") = "TodoNotesApplication", "TodoNotesApplication\TodoNotesApplication.csproj", "{057D475C-86F5-4DD3-A5BC-D983353F05C2}"
EndProject
Global
	GlobalSection(SolutionConfigurationPlatforms) = preSolution
		Debug|Any CPU = Debug|Any CPU
		Release|Any CPU = Release|Any CPU
	EndGlobalSection
	GlobalSection(ProjectConfigurationPlatforms) = postSolution
		{057D475C-86F5-4DD3-A5BC-D983353F05C2}.Debug|Any CPU.ActiveCfg = Debug|Any CPU
		{057D475C-86F5-4DD3-A5BC-D983353F05C2}.Debug|Any CPU.Build.0 = Debug|Any CPU
		{057D475C-86F5-4DD3-A5BC-D983353F05C2}.Release|Any CPU.ActiveCfg = Release|Any CPU
		{057D475C-86F5-4DD3-A5BC-D983353F05C2}.Release|Any CPU.Build.0 = Release|Any CPU
	EndGlobalSection
	GlobalSection(SolutionProperties) = preSolution
		HideSolutionNode = FALSE
	EndGlobalSection
	GlobalSection(ExtensibilityGlobals) = postSolution
		SolutionGuid = {92D5E0B4-EED4-4B68-819F-C952E0A73AC2}
	EndGlobalSection
EndGlobal
